
Microsoft Visual Studio Solution File, Format Version 12.00
# Visual Studio Version 16
VisualStudioVersion = 16.0.30611.23
MinimumVisualStudioVersion = 10.0.40219.1
Project("{FAE04EC0-301F-11D3-BF4B-00C04F79EFBC}") = "SampleMongoDbRepository", "SampleMongoDbRepository.csproj", "{50E5191C-6D56-4124-A898-2CCB5105D339}"
EndProject
Global
	GlobalSection(SolutionConfigurationPlatforms) = preSolution
		Debug|Any CPU = Debug|Any CPU
		Release|Any CPU = Release|Any CPU
	EndGlobalSection
	GlobalSection(ProjectConfigurationPlatforms) = postSolution
		{50E5191C-6D56-4124-A898-2CCB5105D339}.Debug|Any CPU.ActiveCfg = Debug|Any CPU
		{50E5191C-6D56-4124-A898-2CCB5105D339}.Debug|Any CPU.Build.0 = Debug|Any CPU
		{50E5191C-6D56-4124-A898-2CCB5105D339}.Release|Any CPU.ActiveCfg = Release|Any CPU
		{50E5191C-6D56-4124-A898-2CCB5105D339}.Release|Any CPU.Build.0 = Release|Any CPU
	EndGlobalSection
	GlobalSection(SolutionProperties) = preSolution
		HideSolutionNode = FALSE
	EndGlobalSection
	GlobalSection(ExtensibilityGlobals) = postSolution
		SolutionGuid = {B7268799-781B-477C-8163-2B6746E57BCC}
	EndGlobalSection
EndGlobal
